
Microsoft Visual Studio Solution File, Format Version 12.00
# Visual Studio Version 17
VisualStudioVersion = 17.8.34316.72
MinimumVisualStudioVersion = 10.0.40219.1
Project("{FAE04EC0-301F-11D3-BF4B-00C04F79EFBC}") = "prueab", "prueab\prueab.csproj", "{FE58BD94-D01D-4274-9EC0-3497422A39F9}"
EndProject
Global
	GlobalSection(SolutionConfigurationPlatforms) = preSolution
		Debug|Any CPU = Debug|Any CPU
		Release|Any CPU = Release|Any CPU
	EndGlobalSection
	GlobalSection(ProjectConfigurationPlatforms) = postSolution
		{FE58BD94-D01D-4274-9EC0-3497422A39F9}.Debug|Any CPU.ActiveCfg = Debug|Any CPU
		{FE58BD94-D01D-4274-9EC0-3497422A39F9}.Debug|Any CPU.Build.0 = Debug|Any CPU
		{FE58BD94-D01D-4274-9EC0-3497422A39F9}.Release|Any CPU.ActiveCfg = Release|Any CPU
		{FE58BD94-D01D-4274-9EC0-3497422A39F9}.Release|Any CPU.Build.0 = Release|Any CPU
	EndGlobalSection
	GlobalSection(SolutionProperties) = preSolution
		HideSolutionNode = FALSE
	EndGlobalSection
	GlobalSection(ExtensibilityGlobals) = postSolution
		SolutionGuid = {125838FF-A71F-455B-8E0E-2F0C017725C6}
	EndGlobalSection
EndGlobal
